// !$*UTF8*$!
{
	archiveVersion = 1;
	classes = {
	};
	objectVersion = 48;
	objects = {

/* Begin PBXBuildFile section */
		47F822E0200E02AA006B79F5 /* AppDelegate.swift in Sources */ = {isa = PBXBuildFile; fileRef = 47F822DF200E02AA006B79F5 /* AppDelegate.swift */; };
		47F822E2200E02AA006B79F5 /* ViewController.swift in Sources */ = {isa = PBXBuildFile; fileRef = 47F822E1200E02AA006B79F5 /* ViewController.swift */; };
		47F822E5200E02AA006B79F5 /* Main.storyboard in Resources */ = {isa = PBXBuildFile; fileRef = 47F822E3200E02AA006B79F5 /* Main.storyboard */; };
		47F822E7200E02AA006B79F5 /* Assets.xcassets in Resources */ = {isa = PBXBuildFile; fileRef = 47F822E6200E02AA006B79F5 /* Assets.xcassets */; };
		47F822EA200E02AA006B79F5 /* LaunchScreen.storyboard in Resources */ = {isa = PBXBuildFile; fileRef = 47F822E8200E02AA006B79F5 /* LaunchScreen.storyboard */; };
		47F822F5200E02AA006B79F5 /* BaiduDirectLinkTests.swift in Sources */ = {isa = PBXBuildFile; fileRef = 47F822F4200E02AA006B79F5 /* BaiduDirectLinkTests.swift */; };
		47F82300200E02AA006B79F5 /* BaiduDirectLinkUITests.swift in Sources */ = {isa = PBXBuildFile; fileRef = 47F822FF200E02AA006B79F5 /* BaiduDirectLinkUITests.swift */; };
		47F82316200E0C50006B79F5 /* Alamofire.framework in Frameworks */ = {isa = PBXBuildFile; fileRef = 47F8230E200E0C50006B79F5 /* Alamofire.framework */; };
		47F82317200E0C50006B79F5 /* RxGesture.framework in Frameworks */ = {isa = PBXBuildFile; fileRef = 47F8230F200E0C50006B79F5 /* RxGesture.framework */; };
		47F82318200E0C50006B79F5 /* ObjectMapper.framework in Frameworks */ = {isa = PBXBuildFile; fileRef = 47F82310200E0C50006B79F5 /* ObjectMapper.framework */; };
		47F82319200E0C50006B79F5 /* RxBlocking.framework in Frameworks */ = {isa = PBXBuildFile; fileRef = 47F82311200E0C50006B79F5 /* RxBlocking.framework */; };
		47F8231A200E0C50006B79F5 /* KCBlockUIKit.framework in Frameworks */ = {isa = PBXBuildFile; fileRef = 47F82312200E0C50006B79F5 /* KCBlockUIKit.framework */; };
		47F8231B200E0C50006B79F5 /* RxCocoa.framework in Frameworks */ = {isa = PBXBuildFile; fileRef = 47F82313200E0C50006B79F5 /* RxCocoa.framework */; };
		47F8231C200E0C50006B79F5 /* RxSwift.framework in Frameworks */ = {isa = PBXBuildFile; fileRef = 47F82314200E0C50006B79F5 /* RxSwift.framework */; };
		47F8231D200E0C50006B79F5 /* SnapKit.framework in Frameworks */ = {isa = PBXBuildFile; fileRef = 47F82315200E0C50006B79F5 /* SnapKit.framework */; };
		47F82320200E0CED006B79F5 /* ListViewController.swift in Sources */ = {isa = PBXBuildFile; fileRef = 47F8231F200E0CED006B79F5 /* ListViewController.swift */; };
		47F82322200E0E76006B79F5 /* Manager.swift in Sources */ = {isa = PBXBuildFile; fileRef = 47F82321200E0E76006B79F5 /* Manager.swift */; };
/* End PBXBuildFile section */

/* Begin PBXContainerItemProxy section */
		47F822F1200E02AA006B79F5 /* PBXContainerItemProxy */ = {
			isa = PBXContainerItemProxy;
			containerPortal = 47F822D4200E02A9006B79F5 /* Project object */;
			proxyType = 1;
			remoteGlobalIDString = 47F822DB200E02A9006B79F5;
			remoteInfo = BaiduDirectLink;
		};
		47F822FC200E02AA006B79F5 /* PBXContainerItemProxy */ = {
			isa = PBXContainerItemProxy;
			containerPortal = 47F822D4200E02A9006B79F5 /* Project object */;
			proxyType = 1;
			remoteGlobalIDString = 47F822DB200E02A9006B79F5;
			remoteInfo = BaiduDirectLink;
		};
/* End PBXContainerItemProxy section */

/* Begin PBXFileReference section */
		47F822DC200E02A9006B79F5 /* BaiduDirectLink.app */ = {isa = PBXFileReference; explicitFileType = wrapper.application; includeInIndex = 0; path = BaiduDirectLink.app; sourceTree = BUILT_PRODUCTS_DIR; };
		47F822DF200E02AA006B79F5 /* AppDelegate.swift */ = {isa = PBXFileReference; lastKnownFileType = sourcecode.swift; path = AppDelegate.swift; sourceTree = "<group>"; };
		47F822E1200E02AA006B79F5 /* ViewController.swift */ = {isa = PBXFileReference; lastKnownFileType = sourcecode.swift; path = ViewController.swift; sourceTree = "<group>"; };
		47F822E4200E02AA006B79F5 /* Base */ = {isa = PBXFileReference; lastKnownFileType = file.storyboard; name = Base; path = Base.lproj/Main.storyboard; sourceTree = "<group>"; };
		47F822E6200E02AA006B79F5 /* Assets.xcassets */ = {isa = PBXFileReference; lastKnownFileType = folder.assetcatalog; path = Assets.xcassets; sourceTree = "<group>"; };
		47F822E9200E02AA006B79F5 /* Base */ = {isa = PBXFileReference; lastKnownFileType = file.storyboard; name = Base; path = Base.lproj/LaunchScreen.storyboard; sourceTree = "<group>"; };
		47F822EB200E02AA006B79F5 /* Info.plist */ = {isa = PBXFileReference; lastKnownFileType = text.plist.xml; path = Info.plist; sourceTree = "<group>"; };
		47F822F0200E02AA006B79F5 /* BaiduDirectLinkTests.xctest */ = {isa = PBXFileReference; explicitFileType = wrapper.cfbundle; includeInIndex = 0; path = BaiduDirectLinkTests.xctest; sourceTree = BUILT_PRODUCTS_DIR; };
		47F822F4200E02AA006B79F5 /* BaiduDirectLinkTests.swift */ = {isa = PBXFileReference; lastKnownFileType = sourcecode.swift; path = BaiduDirectLinkTests.swift; sourceTree = "<group>"; };
		47F822F6200E02AA006B79F5 /* Info.plist */ = {isa = PBXFileReference; lastKnownFileType = text.plist.xml; path = Info.plist; sourceTree = "<group>"; };
		47F822FB200E02AA006B79F5 /* BaiduDirectLinkUITests.xctest */ = {isa = PBXFileReference; explicitFileType = wrapper.cfbundle; includeInIndex = 0; path = BaiduDirectLinkUITests.xctest; sourceTree = BUILT_PRODUCTS_DIR; };
		47F822FF200E02AA006B79F5 /* BaiduDirectLinkUITests.swift */ = {isa = PBXFileReference; lastKnownFileType = sourcecode.swift; path = BaiduDirectLinkUITests.swift; sourceTree = "<group>"; };
		47F82301200E02AA006B79F5 /* Info.plist */ = {isa = PBXFileReference; lastKnownFileType = text.plist.xml; path = Info.plist; sourceTree = "<group>"; };
		47F8230E200E0C50006B79F5 /* Alamofire.framework */ = {isa = PBXFileReference; lastKnownFileType = wrapper.framework; name = Alamofire.framework; path = ../../../Carthage/swift3.2/Carthage/Build/iOS/Alamofire.framework; sourceTree = "<group>"; };
		47F8230F200E0C50006B79F5 /* RxGesture.framework */ = {isa = PBXFileReference; lastKnownFileType = wrapper.framework; name = RxGesture.framework; path = ../../../Carthage/swift3.2/Carthage/Build/iOS/RxGesture.framework; sourceTree = "<group>"; };
		47F82310200E0C50006B79F5 /* ObjectMapper.framework */ = {isa = PBXFileReference; lastKnownFileType = wrapper.framework; name = ObjectMapper.framework; path = ../../../Carthage/swift3.2/Carthage/Build/iOS/ObjectMapper.framework; sourceTree = "<group>"; };
		47F82311200E0C50006B79F5 /* RxBlocking.framework */ = {isa = PBXFileReference; lastKnownFileType = wrapper.framework; name = RxBlocking.framework; path = ../../../Carthage/swift3.2/Carthage/Build/iOS/RxBlocking.framework; sourceTree = "<group>"; };
		47F82312200E0C50006B79F5 /* KCBlockUIKit.framework */ = {isa = PBXFileReference; lastKnownFileType = wrapper.framework; name = KCBlockUIKit.framework; path = ../../../Carthage/swift3.2/Carthage/Build/iOS/KCBlockUIKit.framework; sourceTree = "<group>"; };
		47F82313200E0C50006B79F5 /* RxCocoa.framework */ = {isa = PBXFileReference; lastKnownFileType = wrapper.framework; name = RxCocoa.framework; path = ../../../Carthage/swift3.2/Carthage/Build/iOS/RxCocoa.framework; sourceTree = "<group>"; };
		47F82314200E0C50006B79F5 /* RxSwift.framework */ = {isa = PBXFileReference; lastKnownFileType = wrapper.framework; name = RxSwift.framework; path = ../../../Carthage/swift3.2/Carthage/Build/iOS/RxSwift.framework; sourceTree = "<group>"; };
		47F82315200E0C50006B79F5 /* SnapKit.framework */ = {isa = PBXFileReference; lastKnownFileType = wrapper.framework; name = SnapKit.framework; path = ../../../Carthage/swift3.2/Carthage/Build/iOS/SnapKit.framework; sourceTree = "<group>"; };
		47F8231F200E0CED006B79F5 /* ListViewController.swift */ = {isa = PBXFileReference; lastKnownFileType = sourcecode.swift; path = ListViewController.swift; sourceTree = "<group>"; };
		47F82321200E0E76006B79F5 /* Manager.swift */ = {isa = PBXFileReference; lastKnownFileType = sourcecode.swift; path = Manager.swift; sourceTree = "<group>"; };
/* End PBXFileReference section */

/* Begin PBXFrameworksBuildPhase section */
		47F822D9200E02A9006B79F5 /* Frameworks */ = {
			isa = PBXFrameworksBuildPhase;
			buildActionMask = 2147483647;
			files = (
				47F82316200E0C50006B79F5 /* Alamofire.framework in Frameworks */,
				47F82317200E0C50006B79F5 /* RxGesture.framework in Frameworks */,
				47F82318200E0C50006B79F5 /* ObjectMapper.framework in Frameworks */,
				47F82319200E0C50006B79F5 /* RxBlocking.framework in Frameworks */,
				47F8231A200E0C50006B79F5 /* KCBlockUIKit.framework in Frameworks */,
				47F8231B200E0C50006B79F5 /* RxCocoa.framework in Frameworks */,
				47F8231C200E0C50006B79F5 /* RxSwift.framework in Frameworks */,
				47F8231D200E0C50006B79F5 /* SnapKit.framework in Frameworks */,
			);
			runOnlyForDeploymentPostprocessing = 0;
		};
		47F822ED200E02AA006B79F5 /* Frameworks */ = {
			isa = PBXFrameworksBuildPhase;
			buildActionMask = 2147483647;
			files = (
			);
			runOnlyForDeploymentPostprocessing = 0;
		};
		47F822F8200E02AA006B79F5 /* Frameworks */ = {
			isa = PBXFrameworksBuildPhase;
			buildActionMask = 2147483647;
			files = (
			);
			runOnlyForDeploymentPostprocessing = 0;
		};
/* End PBXFrameworksBuildPhase section */

/* Begin PBXGroup section */
		47F822D3200E02A9006B79F5 = {
			isa = PBXGroup;
			children = (
				47F822DE200E02A9006B79F5 /* BaiduDirectLink */,
				47F822F3200E02AA006B79F5 /* BaiduDirectLinkTests */,
				47F822FE200E02AA006B79F5 /* BaiduDirectLinkUITests */,
				47F822DD200E02A9006B79F5 /* Products */,
				47F8230D200E0C4F006B79F5 /* Frameworks */,
			);
			sourceTree = "<group>";
		};
		47F822DD200E02A9006B79F5 /* Products */ = {
			isa = PBXGroup;
			children = (
				47F822DC200E02A9006B79F5 /* BaiduDirectLink.app */,
				47F822F0200E02AA006B79F5 /* BaiduDirectLinkTests.xctest */,
				47F822FB200E02AA006B79F5 /* BaiduDirectLinkUITests.xctest */,
			);
			name = Products;
			sourceTree = "<group>";
		};
		47F822DE200E02A9006B79F5 /* BaiduDirectLink */ = {
			isa = PBXGroup;
			children = (
				47F822DF200E02AA006B79F5 /* AppDelegate.swift */,
				47F822E1200E02AA006B79F5 /* ViewController.swift */,
				47F822E3200E02AA006B79F5 /* Main.storyboard */,
				47F822E6200E02AA006B79F5 /* Assets.xcassets */,
				47F822E8200E02AA006B79F5 /* LaunchScreen.storyboard */,
				47F822EB200E02AA006B79F5 /* Info.plist */,
				47F8231F200E0CED006B79F5 /* ListViewController.swift */,
				47F82321200E0E76006B79F5 /* Manager.swift */,
			);
			path = BaiduDirectLink;
			sourceTree = "<group>";
		};
		47F822F3200E02AA006B79F5 /* BaiduDirectLinkTests */ = {
			isa = PBXGroup;
			children = (
				47F822F4200E02AA006B79F5 /* BaiduDirectLinkTests.swift */,
				47F822F6200E02AA006B79F5 /* Info.plist */,
			);
			path = BaiduDirectLinkTests;
			sourceTree = "<group>";
		};
		47F822FE200E02AA006B79F5 /* BaiduDirectLinkUITests */ = {
			isa = PBXGroup;
			children = (
				47F822FF200E02AA006B79F5 /* BaiduDirectLinkUITests.swift */,
				47F82301200E02AA006B79F5 /* Info.plist */,
			);
			path = BaiduDirectLinkUITests;
			sourceTree = "<group>";
		};
		47F8230D200E0C4F006B79F5 /* Frameworks */ = {
			isa = PBXGroup;
			children = (
				47F8230E200E0C50006B79F5 /* Alamofire.framework */,
				47F82312200E0C50006B79F5 /* KCBlockUIKit.framework */,
				47F82310200E0C50006B79F5 /* ObjectMapper.framework */,
				47F82311200E0C50006B79F5 /* RxBlocking.framework */,
				47F82313200E0C50006B79F5 /* RxCocoa.framework */,
				47F8230F200E0C50006B79F5 /* RxGesture.framework */,
				47F82314200E0C50006B79F5 /* RxSwift.framework */,
				47F82315200E0C50006B79F5 /* SnapKit.framework */,
			);
			name = Frameworks;
			sourceTree = "<group>";
		};
/* End PBXGroup section */

/* Begin PBXNativeTarget section */
		47F822DB200E02A9006B79F5 /* BaiduDirectLink */ = {
			isa = PBXNativeTarget;
			buildConfigurationList = 47F82304200E02AA006B79F5 /* Build configuration list for PBXNativeTarget "BaiduDirectLink" */;
			buildPhases = (
				47F822D8200E02A9006B79F5 /* Sources */,
				47F822D9200E02A9006B79F5 /* Frameworks */,
				47F822DA200E02A9006B79F5 /* Resources */,
				47F8231E200E0C67006B79F5 /* ShellScript */,
			);
			buildRules = (
			);
			dependencies = (
			);
			name = BaiduDirectLink;
			productName = BaiduDirectLink;
			productReference = 47F822DC200E02A9006B79F5 /* BaiduDirectLink.app */;
			productType = "com.apple.product-type.application";
		};
		47F822EF200E02AA006B79F5 /* BaiduDirectLinkTests */ = {
			isa = PBXNativeTarget;
			buildConfigurationList = 47F82307200E02AA006B79F5 /* Build configuration list for PBXNativeTarget "BaiduDirectLinkTests" */;
			buildPhases = (
				47F822EC200E02AA006B79F5 /* Sources */,
				47F822ED200E02AA006B79F5 /* Frameworks */,
				47F822EE200E02AA006B79F5 /* Resources */,
			);
			buildRules = (
			);
			dependencies = (
				47F822F2200E02AA006B79F5 /* PBXTargetDependency */,
			);
			name = BaiduDirectLinkTests;
			productName = BaiduDirectLinkTests;
			productReference = 47F822F0200E02AA006B79F5 /* BaiduDirectLinkTests.xctest */;
			productType = "com.apple.product-type.bundle.unit-test";
		};
		47F822FA200E02AA006B79F5 /* BaiduDirectLinkUITests */ = {
			isa = PBXNativeTarget;
			buildConfigurationList = 47F8230A200E02AA006B79F5 /* Build configuration list for PBXNativeTarget "BaiduDirectLinkUITests" */;
			buildPhases = (
				47F822F7200E02AA006B79F5 /* Sources */,
				47F822F8200E02AA006B79F5 /* Frameworks */,
				47F822F9200E02AA006B79F5 /* Resources */,
			);
			buildRules = (
			);
			dependencies = (
				47F822FD200E02AA006B79F5 /* PBXTargetDependency */,
			);
			name = BaiduDirectLinkUITests;
			productName = BaiduDirectLinkUITests;
			productReference = 47F822FB200E02AA006B79F5 /* BaiduDirectLinkUITests.xctest */;
			productType = "com.apple.product-type.bundle.ui-testing";
		};
/* End PBXNativeTarget section */

/* Begin PBXProject section */
		47F822D4200E02A9006B79F5 /* Project object */ = {
			isa = PBXProject;
			attributes = {
				LastSwiftUpdateCheck = 0910;
				LastUpgradeCheck = 0910;
				ORGANIZATIONNAME = karsa;
				TargetAttributes = {
					47F822DB200E02A9006B79F5 = {
						CreatedOnToolsVersion = 9.1;
						ProvisioningStyle = Manual;
					};
					47F822EF200E02AA006B79F5 = {
						CreatedOnToolsVersion = 9.1;
						ProvisioningStyle = Automatic;
						TestTargetID = 47F822DB200E02A9006B79F5;
					};
					47F822FA200E02AA006B79F5 = {
						CreatedOnToolsVersion = 9.1;
						ProvisioningStyle = Automatic;
						TestTargetID = 47F822DB200E02A9006B79F5;
					};
				};
			};
			buildConfigurationList = 47F822D7200E02A9006B79F5 /* Build configuration list for PBXProject "BaiduDirectLink" */;
			compatibilityVersion = "Xcode 8.0";
			developmentRegion = en;
			hasScannedForEncodings = 0;
			knownRegions = (
				en,
				Base,
			);
			mainGroup = 47F822D3200E02A9006B79F5;
			productRefGroup = 47F822DD200E02A9006B79F5 /* Products */;
			projectDirPath = "";
			projectRoot = "";
			targets = (
				47F822DB200E02A9006B79F5 /* BaiduDirectLink */,
				47F822EF200E02AA006B79F5 /* BaiduDirectLinkTests */,
				47F822FA200E02AA006B79F5 /* BaiduDirectLinkUITests */,
			);
		};
/* End PBXProject section */

/* Begin PBXResourcesBuildPhase section */
		47F822DA200E02A9006B79F5 /* Resources */ = {
			isa = PBXResourcesBuildPhase;
			buildActionMask = 2147483647;
			files = (
				47F822EA200E02AA006B79F5 /* LaunchScreen.storyboard in Resources */,
				47F822E7200E02AA006B79F5 /* Assets.xcassets in Resources */,
				47F822E5200E02AA006B79F5 /* Main.storyboard in Resources */,
			);
			runOnlyForDeploymentPostprocessing = 0;
		};
		47F822EE200E02AA006B79F5 /* Resources */ = {
			isa = PBXResourcesBuildPhase;
			buildActionMask = 2147483647;
			files = (
			);
			runOnlyForDeploymentPostprocessing = 0;
		};
		47F822F9200E02AA006B79F5 /* Resources */ = {
			isa = PBXResourcesBuildPhase;
			buildActionMask = 2147483647;
			files = (
			);
			runOnlyForDeploymentPostprocessing = 0;
		};
/* End PBXResourcesBuildPhase section */

/* Begin PBXShellScriptBuildPhase section */
		47F8231E200E0C67006B79F5 /* ShellScript */ = {
			isa = PBXShellScriptBuildPhase;
			buildActionMask = 2147483647;
			files = (
			);
			inputPaths = (
				"$(HOME)/Carthage/swift3.2/Carthage/Build/iOS/Alamofire.framework",
				"$(HOME)/Carthage/swift3.2/Carthage/Build/iOS/RxBlocking.framework",
				"$(HOME)/Carthage/swift3.2/Carthage/Build/iOS/RxCocoa.framework",
				"$(HOME)/Carthage/swift3.2/Carthage/Build/iOS/RxSwift.framework",
				"$(HOME)/Carthage/swift3.2/Carthage/Build/iOS/SnapKit.framework",
				"$(HOME)/Carthage/swift3.2/Carthage/Build/iOS/KCBlockUIKit.framework",
				"$(HOME)/Carthage/swift3.2/Carthage/Build/iOS/RxGesture.framework",
				"$(HOME)/Carthage/swift3.2/Carthage/Build/iOS/ObjectMapper.framework",
			);
			outputPaths = (
			);
			runOnlyForDeploymentPostprocessing = 0;
			shellPath = /bin/sh;
			shellScript = "/usr/local/bin/carthage copy-frameworks";
		};
/* End PBXShellScriptBuildPhase section */

/* Begin PBXSourcesBuildPhase section */
		47F822D8200E02A9006B79F5 /* Sources */ = {
			isa = PBXSourcesBuildPhase;
			buildActionMask = 2147483647;
			files = (
				47F822E2200E02AA006B79F5 /* ViewController.swift in Sources */,
				47F822E0200E02AA006B79F5 /* AppDelegate.swift in Sources */,
				47F82320200E0CED006B79F5 /* ListViewController.swift in Sources */,
				47F82322200E0E76006B79F5 /* Manager.swift in Sources */,
			);
			runOnlyForDeploymentPostprocessing = 0;
		};
		47F822EC200E02AA006B79F5 /* Sources */ = {
			isa = PBXSourcesBuildPhase;
			buildActionMask = 2147483647;
			files = (
				47F822F5200E02AA006B79F5 /* BaiduDirectLinkTests.swift in Sources */,
			);
			runOnlyForDeploymentPostprocessing = 0;
		};
		47F822F7200E02AA006B79F5 /* Sources */ = {
			isa = PBXSourcesBuildPhase;
			buildActionMask = 2147483647;
			files = (
				47F82300200E02AA006B79F5 /* BaiduDirectLinkUITests.swift in Sources */,
			);
			runOnlyForDeploymentPostprocessing = 0;
		};
/* End PBXSourcesBuildPhase section */

/* Begin PBXTargetDependency section */
		47F822F2200E02AA006B79F5 /* PBXTargetDependency */ = {
			isa = PBXTargetDependency;
			target = 47F822DB200E02A9006B79F5 /* BaiduDirectLink */;
			targetProxy = 47F822F1200E02AA006B79F5 /* PBXContainerItemProxy */;
		};
		47F822FD200E02AA006B79F5 /* PBXTargetDependency */ = {
			isa = PBXTargetDependency;
			target = 47F822DB200E02A9006B79F5 /* BaiduDirectLink */;
			targetProxy = 47F822FC200E02AA006B79F5 /* PBXContainerItemProxy */;
		};
/* End PBXTargetDependency section */

/* Begin PBXVariantGroup section */
		47F822E3200E02AA006B79F5 /* Main.storyboard */ = {
			isa = PBXVariantGroup;
			children = (
				47F822E4200E02AA006B79F5 /* Base */,
			);
			name = Main.storyboard;
			sourceTree = "<group>";
		};
		47F822E8200E02AA006B79F5 /* LaunchScreen.storyboard */ = {
			isa = PBXVariantGroup;
			children = (
				47F822E9200E02AA006B79F5 /* Base */,
			);
			name = LaunchScreen.storyboard;
			sourceTree = "<group>";
		};
/* End PBXVariantGroup section */

/* Begin XCBuildConfiguration section */
		47F82302200E02AA006B79F5 /* Debug */ = {
			isa = XCBuildConfiguration;
			buildSettings = {
				ALWAYS_SEARCH_USER_PATHS = NO;
				CLANG_ANALYZER_NONNULL = YES;
				CLANG_ANALYZER_NUMBER_OBJECT_CONVERSION = YES_AGGRESSIVE;
				CLANG_CXX_LANGUAGE_STANDARD = "gnu++14";
				CLANG_CXX_LIBRARY = "libc++";
				CLANG_ENABLE_MODULES = YES;
				CLANG_ENABLE_OBJC_ARC = YES;
				CLANG_WARN_BLOCK_CAPTURE_AUTORELEASING = YES;
				CLANG_WARN_BOOL_CONVERSION = YES;
				CLANG_WARN_COMMA = YES;
				CLANG_WARN_CONSTANT_CONVERSION = YES;
				CLANG_WARN_DIRECT_OBJC_ISA_USAGE = YES_ERROR;
				CLANG_WARN_DOCUMENTATION_COMMENTS = YES;
				CLANG_WARN_EMPTY_BODY = YES;
				CLANG_WARN_ENUM_CONVERSION = YES;
				CLANG_WARN_INFINITE_RECURSION = YES;
				CLANG_WARN_INT_CONVERSION = YES;
				CLANG_WARN_NON_LITERAL_NULL_CONVERSION = YES;
				CLANG_WARN_OBJC_LITERAL_CONVERSION = YES;
				CLANG_WARN_OBJC_ROOT_CLASS = YES_ERROR;
				CLANG_WARN_RANGE_LOOP_ANALYSIS = YES;
				CLANG_WARN_STRICT_PROTOTYPES = YES;
				CLANG_WARN_SUSPICIOUS_MOVE = YES;
				CLANG_WARN_UNGUARDED_AVAILABILITY = YES_AGGRESSIVE;
				CLANG_WARN_UNREACHABLE_CODE = YES;
				CLANG_WARN__DUPLICATE_METHOD_MATCH = YES;
				CODE_SIGN_IDENTITY = "iPhone Developer";
				COPY_PHASE_STRIP = NO;
				DEBUG_INFORMATION_FORMAT = dwarf;
				ENABLE_STRICT_OBJC_MSGSEND = YES;
				ENABLE_TESTABILITY = YES;
				GCC_C_LANGUAGE_STANDARD = gnu11;
				GCC_DYNAMIC_NO_PIC = NO;
				GCC_NO_COMMON_BLOCKS = YES;
				GCC_OPTIMIZATION_LEVEL = 0;
				GCC_PREPROCESSOR_DEFINITIONS = (
					"DEBUG=1",
					"$(inherited)",
				);
				GCC_WARN_64_TO_32_BIT_CONVERSION = YES;
				GCC_WARN_ABOUT_RETURN_TYPE = YES_ERROR;
				GCC_WARN_UNDECLARED_SELECTOR = YES;
				GCC_WARN_UNINITIALIZED_AUTOS = YES_AGGRESSIVE;
				GCC_WARN_UNUSED_FUNCTION = YES;
				GCC_WARN_UNUSED_VARIABLE = YES;
				IPHONEOS_DEPLOYMENT_TARGET = 11.1;
				MTL_ENABLE_DEBUG_INFO = YES;
				ONLY_ACTIVE_ARCH = YES;
				SDKROOT = iphoneos;
				SWIFT_ACTIVE_COMPILATION_CONDITIONS = DEBUG;
				SWIFT_OPTIMIZATION_LEVEL = "-Onone";
			};
			name = Debug;
		};
		47F82303200E02AA006B79F5 /* Release */ = {
			isa = XCBuildConfiguration;
			buildSettings = {
				ALWAYS_SEARCH_USER_PATHS = NO;
				CLANG_ANALYZER_NONNULL = YES;
				CLANG_ANALYZER_NUMBER_OBJECT_CONVERSION = YES_AGGRESSIVE;
				CLANG_CXX_LANGUAGE_STANDARD = "gnu++14";
				CLANG_CXX_LIBRARY = "libc++";
				CLANG_ENABLE_MODULES = YES;
				CLANG_ENABLE_OBJC_ARC = YES;
				CLANG_WARN_BLOCK_CAPTURE_AUTORELEASING = YES;
				CLANG_WARN_BOOL_CONVERSION = YES;
				CLANG_WARN_COMMA = YES;
				CLANG_WARN_CONSTANT_CONVERSION = YES;
				CLANG_WARN_DIRECT_OBJC_ISA_USAGE = YES_ERROR;
				CLANG_WARN_DOCUMENTATION_COMMENTS = YES;
				CLANG_WARN_EMPTY_BODY = YES;
				CLANG_WARN_ENUM_CONVERSION = YES;
				CLANG_WARN_INFINITE_RECURSION = YES;
				CLANG_WARN_INT_CONVERSION = YES;
				CLANG_WARN_NON_LITERAL_NULL_CONVERSION = YES;
				CLANG_WARN_OBJC_LITERAL_CONVERSION = YES;
				CLANG_WARN_OBJC_ROOT_CLASS = YES_ERROR;
				CLANG_WARN_RANGE_LOOP_ANALYSIS = YES;
				CLANG_WARN_STRICT_PROTOTYPES = YES;
				CLANG_WARN_SUSPICIOUS_MOVE = YES;
				CLANG_WARN_UNGUARDED_AVAILABILITY = YES_AGGRESSIVE;
				CLANG_WARN_UNREACHABLE_CODE = YES;
				CLANG_WARN__DUPLICATE_METHOD_MATCH = YES;
				CODE_SIGN_IDENTITY = "iPhone Developer";
				COPY_PHASE_STRIP = NO;
				DEBUG_INFORMATION_FORMAT = "dwarf-with-dsym";
				ENABLE_NS_ASSERTIONS = NO;
				ENABLE_STRICT_OBJC_MSGSEND = YES;
				GCC_C_LANGUAGE_STANDARD = gnu11;
				GCC_NO_COMMON_BLOCKS = YES;
				GCC_WARN_64_TO_32_BIT_CONVERSION = YES;
				GCC_WARN_ABOUT_RETURN_TYPE = YES_ERROR;
				GCC_WARN_UNDECLARED_SELECTOR = YES;
				GCC_WARN_UNINITIALIZED_AUTOS = YES_AGGRESSIVE;
				GCC_WARN_UNUSED_FUNCTION = YES;
				GCC_WARN_UNUSED_VARIABLE = YES;
				IPHONEOS_DEPLOYMENT_TARGET = 11.1;
				MTL_ENABLE_DEBUG_INFO = NO;
				SDKROOT = iphoneos;
				SWIFT_OPTIMIZATION_LEVEL = "-Owholemodule";
				VALIDATE_PRODUCT = YES;
			};
			name = Release;
		};
		47F82305200E02AA006B79F5 /* Debug */ = {
			isa = XCBuildConfiguration;
			buildSettings = {
				ASSETCATALOG_COMPILER_APPICON_NAME = AppIcon;
				CODE_SIGN_STYLE = Manual;
				DEVELOPMENT_TEAM = Z847Z7DQC7;
				FRAMEWORK_SEARCH_PATHS = "$(HOME)/Carthage/swift3.2/Carthage/Build/iOS";
				INFOPLIST_FILE = BaiduDirectLink/Info.plist;
				LD_RUNPATH_SEARCH_PATHS = "$(inherited) @executable_path/Frameworks";
				PRODUCT_BUNDLE_IDENTIFIER = k.BaiduDirectLink;
				PRODUCT_NAME = "$(TARGET_NAME)";
				PROVISIONING_PROFILE = "646ac9ba-bdf1-42f5-bcb8-4e350ca2d406";
				PROVISIONING_PROFILE_SPECIFIER = BaiduDirectLink;
				SWIFT_VERSION = 3.0;
				TARGETED_DEVICE_FAMILY = "1,2";
			};
			name = Debug;
		};
		47F82306200E02AA006B79F5 /* Release */ = {
			isa = XCBuildConfiguration;
			buildSettings = {
				ASSETCATALOG_COMPILER_APPICON_NAME = AppIcon;
				CODE_SIGN_STYLE = Manual;
				DEVELOPMENT_TEAM = 3836W6J655;
				FRAMEWORK_SEARCH_PATHS = "$(HOME)/Carthage/swift3.2/Carthage/Build/iOS";
				INFOPLIST_FILE = BaiduDirectLink/Info.plist;
				LD_RUNPATH_SEARCH_PATHS = "$(inherited) @executable_path/Frameworks";
				PRODUCT_BUNDLE_IDENTIFIER = k.BaiduDirectLink;
				PRODUCT_NAME = "$(TARGET_NAME)";
				PROVISIONING_PROFILE = "3e2aa25d-c6b7-412c-a789-2463874d1cf5";
				PROVISIONING_PROFILE_SPECIFIER = BaiduDirectLink;
				SWIFT_VERSION = 3.0;
				TARGETED_DEVICE_FAMILY = "1,2";
			};
			name = Release;
		};
		47F82308200E02AA006B79F5 /* Debug */ = {
			isa = XCBuildConfiguration;
			buildSettings = {
				ALWAYS_EMBED_SWIFT_STANDARD_LIBRARIES = YES;
				BUNDLE_LOADER = "$(TEST_HOST)";
				CODE_SIGN_STYLE = Automatic;
				INFOPLIST_FILE = BaiduDirectLinkTests/Info.plist;
				LD_RUNPATH_SEARCH_PATHS = "$(inherited) @executable_path/Frameworks @loader_path/Frameworks";
				PRODUCT_BUNDLE_IDENTIFIER = k.BaiduDirectLinkTests;
				PRODUCT_NAME = "$(TARGET_NAME)";
				SWIFT_VERSION = 4.0;
				TARGETED_DEVICE_FAMILY = "1,2";
				TEST_HOST = "$(BUILT_PRODUCTS_DIR)/BaiduDirectLink.app/BaiduDirectLink";
			};
			name = Debug;
		};
		47F82309200E02AA006B79F5 /* Release */ = {
			isa = XCBuildConfiguration;
			buildSettings = {
				ALWAYS_EMBED_SWIFT_STANDARD_LIBRARIES = YES;
				BUNDLE_LOADER = "$(TEST_HOST)";
				CODE_SIGN_STYLE = Automatic;
				INFOPLIST_FILE = BaiduDirectLinkTests/Info.plist;
				LD_RUNPATH_SEARCH_PATHS = "$(inherited) @executable_path/Frameworks @loader_path/Frameworks";
				PRODUCT_BUNDLE_IDENTIFIER = k.BaiduDirectLinkTests;
				PRODUCT_NAME = "$(TARGET_NAME)";
				SWIFT_VERSION = 4.0;
				TARGETED_DEVICE_FAMILY = "1,2";
				TEST_HOST = "$(BUILT_PRODUCTS_DIR)/BaiduDirectLink.app/BaiduDirectLink";
			};
			name = Release;
		};
		47F8230B200E02AA006B79F5 /* Debug */ = {
			isa = XCBuildConfiguration;
			buildSettings = {
				ALWAYS_EMBED_SWIFT_STANDARD_LIBRARIES = YES;
				CODE_SIGN_STYLE = Automatic;
				INFOPLIST_FILE = BaiduDirectLinkUITests/Info.plist;
				LD_RUNPATH_SEARCH_PATHS = "$(inherited) @executable_path/Frameworks @loader_path/Frameworks";
				PRODUCT_BUNDLE_IDENTIFIER = k.BaiduDirectLinkUITests;
				PRODUCT_NAME = "$(TARGET_NAME)";
				SWIFT_VERSION = 4.0;
				TARGETED_DEVICE_FAMILY = "1,2";
				TEST_TARGET_NAME = BaiduDirectLink;
			};
			name = Debug;
		};
		47F8230C200E02AA006B79F5 /* Release */ = {
			isa = XCBuildConfiguration;
			buildSettings = {
				ALWAYS_EMBED_SWIFT_STANDARD_LIBRARIES = YES;
				CODE_SIGN_STYLE = Automatic;
				INFOPLIST_FILE = BaiduDirectLinkUITests/Info.plist;
				LD_RUNPATH_SEARCH_PATHS = "$(inherited) @executable_path/Frameworks @loader_path/Frameworks";
				PRODUCT_BUNDLE_IDENTIFIER = k.BaiduDirectLinkUITests;
				PRODUCT_NAME = "$(TARGET_NAME)";
				SWIFT_VERSION = 4.0;
				TARGETED_DEVICE_FAMILY = "1,2";
				TEST_TARGET_NAME = BaiduDirectLink;
			};
			name = Release;
		};
/* End XCBuildConfiguration section */

/* Begin XCConfigurationList section */
		47F822D7200E02A9006B79F5 /* Build configuration list for PBXProject "BaiduDirectLink" */ = {
			isa = XCConfigurationList;
			buildConfigurations = (
				47F82302200E02AA006B79F5 /* Debug */,
				47F82303200E02AA006B79F5 /* Release */,
			);
			defaultConfigurationIsVisible = 0;
			defaultConfigurationName = Release;
		};
		47F82304200E02AA006B79F5 /* Build configuration list for PBXNativeTarget "BaiduDirectLink" */ = {
			isa = XCConfigurationList;
			buildConfigurations = (
				47F82305200E02AA006B79F5 /* Debug */,
				47F82306200E02AA006B79F5 /* Release */,
			);
			defaultConfigurationIsVisible = 0;
			defaultConfigurationName = Release;
		};
		47F82307200E02AA006B79F5 /* Build configuration list for PBXNativeTarget "BaiduDirectLinkTests" */ = {
			isa = XCConfigurationList;
			buildConfigurations = (
				47F82308200E02AA006B79F5 /* Debug */,
				47F82309200E02AA006B79F5 /* Release */,
			);
			defaultConfigurationIsVisible = 0;
			defaultConfigurationName = Release;
		};
		47F8230A200E02AA006B79F5 /* Build configuration list for PBXNativeTarget "BaiduDirectLinkUITests" */ = {
			isa = XCConfigurationList;
			buildConfigurations = (
				47F8230B200E02AA006B79F5 /* Debug */,
				47F8230C200E02AA006B79F5 /* Release */,
			);
			defaultConfigurationIsVisible = 0;
			defaultConfigurationName = Release;
		};
/* End XCConfigurationList section */
	};
	rootObject = 47F822D4200E02A9006B79F5 /* Project object */;
}
